
Microsoft Visual Studio Solution File, Format Version 12.00
# Visual Studio Version 17
VisualStudioVersion = 17.8.34525.116
MinimumVisualStudioVersion = 10.0.40219.1
Project("{9A19103F-16F7-4668-BE54-9A1E7A4F7556}") = "SimAddonPlugin", "plugins\SimAddonPlugin\SimAddonPlugin.csproj", "{88F567B8-6263-4748-8766-86C82CFA821B}"
EndProject
Project("{9A19103F-16F7-4668-BE54-9A1E7A4F7556}") = "SimDataManager", "SimDataManager\SimDataManager.csproj", "{D262AFEC-FD87-4B9B-BA4C-E8A70D85E001}"
	ProjectSection(ProjectDependencies) = postProject
		{AD0B81B7-AE03-459A-B452-70ADDEAA0FA5} = {AD0B81B7-AE03-459A-B452-70ADDEAA0FA5}
	EndProjectSection
EndProject
Project("{9A19103F-16F7-4668-BE54-9A1E7A4F7556}") = "FlightRecPlugin", "plugins\FlightRecPlugin\FlightRecPlugin.csproj", "{F79AFF10-3AAA-44A3-8EAE-8DE5E59BC2CF}"
EndProject
Project("{9A19103F-16F7-4668-BE54-9A1E7A4F7556}") = "SimAddon", "SimAddon\SimAddon.csproj", "{1B5B0CBD-B726-4929-9CFB-664D41294629}"
	ProjectSection(ProjectDependencies) = postProject
		{474368ED-F7FB-4223-BE3E-12F9DA9266D9} = {474368ED-F7FB-4223-BE3E-12F9DA9266D9}
		{726F3EF7-B97E-4476-8FA2-2528035C14A1} = {726F3EF7-B97E-4476-8FA2-2528035C14A1}
		{8BA75391-2DAC-6E57-47F4-2EAD7A2E5BA5} = {8BA75391-2DAC-6E57-47F4-2EAD7A2E5BA5}
		{93F7C2E1-2970-4368-947F-395BF48CDD3A} = {93F7C2E1-2970-4368-947F-395BF48CDD3A}
		{B52A38BB-9E2C-4489-81C3-E0F1EEF29597} = {B52A38BB-9E2C-4489-81C3-E0F1EEF29597}
		{C5E0C7C1-9CD2-4C03-B266-021DAE7CFD9C} = {C5E0C7C1-9CD2-4C03-B266-021DAE7CFD9C}
		{D24C1FF9-5516-464B-812F-343B8B9716E7} = {D24C1FF9-5516-464B-812F-343B8B9716E7}
		{D9E44C3F-6F60-4530-A72E-CB28A459D9DC} = {D9E44C3F-6F60-4530-A72E-CB28A459D9DC}
		{F79AFF10-3AAA-44A3-8EAE-8DE5E59BC2CF} = {F79AFF10-3AAA-44A3-8EAE-8DE5E59BC2CF}
	EndProjectSection
EndProject
Project("{9A19103F-16F7-4668-BE54-9A1E7A4F7556}") = "SimAddonLogger", "Logger\SimAddonLogger.csproj", "{AD0B81B7-AE03-459A-B452-70ADDEAA0FA5}"
EndProject
Project("{54435603-DBB4-11D2-8724-00A0C9A8B90C}") = "Installer", "Installer\Installer.vdproj", "{E70A2523-0740-4522-B9F7-F1B1F67FB58E}"
EndProject
Project("{9A19103F-16F7-4668-BE54-9A1E7A4F7556}") = "MeteoPlugin", "plugins\MeteoPlugin\MeteoPlugin.csproj", "{93F7C2E1-2970-4368-947F-395BF48CDD3A}"
EndProject
Project("{9A19103F-16F7-4668-BE54-9A1E7A4F7556}") = "SimAddonControls", "SimAddonControls\SimAddonControls.csproj", "{474368ED-F7FB-4223-BE3E-12F9DA9266D9}"
EndProject
Project("{FAE04EC0-301F-11D3-BF4B-00C04F79EFBC}") = "ATISPlugin", "plugins\ATISPlugin\ATISPlugin.csproj", "{726F3EF7-B97E-4476-8FA2-2528035C14A1}"
EndProject
Project("{FAE04EC0-301F-11D3-BF4B-00C04F79EFBC}") = "ChartFoxPlugin", "plugins\ChartFoxPlugin\ChartFoxPlugin.csproj", "{D24C1FF9-5516-464B-812F-343B8B9716E7}"
EndProject
Project("{FAE04EC0-301F-11D3-BF4B-00C04F79EFBC}") = "VatsimRadarPlugin", "plugins\VatsimRadarPlugin\VatsimRadarPlugin.csproj", "{C5E0C7C1-9CD2-4C03-B266-021DAE7CFD9C}"
EndProject
Project("{FAE04EC0-301F-11D3-BF4B-00C04F79EFBC}") = "CommPlugin", "plugins\CommPlugin\CommPlugin.csproj", "{B52A38BB-9E2C-4489-81C3-E0F1EEF29597}"
	ProjectSection(ProjectDependencies) = postProject
		{474368ED-F7FB-4223-BE3E-12F9DA9266D9} = {474368ED-F7FB-4223-BE3E-12F9DA9266D9}
	EndProjectSection
EndProject
Project("{FAE04EC0-301F-11D3-BF4B-00C04F79EFBC}") = "FlightplanPlugin", "plugins\FlightplanPlugin\FlightplanPlugin.csproj", "{8BA75391-2DAC-6E57-47F4-2EAD7A2E5BA5}"
EndProject
Project("{FAE04EC0-301F-11D3-BF4B-00C04F79EFBC}") = "ConverterPlugin", "plugins\Calculator\ConverterPlugin.csproj", "{D9E44C3F-6F60-4530-A72E-CB28A459D9DC}"
EndProject
Global
	GlobalSection(SolutionConfigurationPlatforms) = preSolution
		Debug|Any CPU = Debug|Any CPU
		Debug|x64 = Debug|x64
		Release|Any CPU = Release|Any CPU
		Release|x64 = Release|x64
	EndGlobalSection
	GlobalSection(ProjectConfigurationPlatforms) = postSolution
		{88F567B8-6263-4748-8766-86C82CFA821B}.Debug|Any CPU.ActiveCfg = Debug|Any CPU
		{88F567B8-6263-4748-8766-86C82CFA821B}.Debug|Any CPU.Build.0 = Debug|Any CPU
		{88F567B8-6263-4748-8766-86C82CFA821B}.Debug|x64.ActiveCfg = Debug|x64
		{88F567B8-6263-4748-8766-86C82CFA821B}.Debug|x64.Build.0 = Debug|x64
		{88F567B8-6263-4748-8766-86C82CFA821B}.Release|Any CPU.ActiveCfg = Release|Any CPU
		{88F567B8-6263-4748-8766-86C82CFA821B}.Release|Any CPU.Build.0 = Release|Any CPU
		{88F567B8-6263-4748-8766-86C82CFA821B}.Release|x64.ActiveCfg = Release|x64
		{88F567B8-6263-4748-8766-86C82CFA821B}.Release|x64.Build.0 = Release|x64
		{D262AFEC-FD87-4B9B-BA4C-E8A70D85E001}.Debug|Any CPU.ActiveCfg = Debug|Any CPU
		{D262AFEC-FD87-4B9B-BA4C-E8A70D85E001}.Debug|Any CPU.Build.0 = Debug|Any CPU
		{D262AFEC-FD87-4B9B-BA4C-E8A70D85E001}.Debug|x64.ActiveCfg = Debug|x64
		{D262AFEC-FD87-4B9B-BA4C-E8A70D85E001}.Debug|x64.Build.0 = Debug|x64
		{D262AFEC-FD87-4B9B-BA4C-E8A70D85E001}.Release|Any CPU.ActiveCfg = Release|Any CPU
		{D262AFEC-FD87-4B9B-BA4C-E8A70D85E001}.Release|Any CPU.Build.0 = Release|Any CPU
		{D262AFEC-FD87-4B9B-BA4C-E8A70D85E001}.Release|x64.ActiveCfg = Release|x64
		{D262AFEC-FD87-4B9B-BA4C-E8A70D85E001}.Release|x64.Build.0 = Release|x64
		{F79AFF10-3AAA-44A3-8EAE-8DE5E59BC2CF}.Debug|Any CPU.ActiveCfg = Debug|Any CPU
		{F79AFF10-3AAA-44A3-8EAE-8DE5E59BC2CF}.Debug|Any CPU.Build.0 = Debug|Any CPU
		{F79AFF10-3AAA-44A3-8EAE-8DE5E59BC2CF}.Debug|x64.ActiveCfg = Debug|x64
		{F79AFF10-3AAA-44A3-8EAE-8DE5E59BC2CF}.Debug|x64.Build.0 = Debug|x64
		{F79AFF10-3AAA-44A3-8EAE-8DE5E59BC2CF}.Release|Any CPU.ActiveCfg = Release|Any CPU
		{F79AFF10-3AAA-44A3-8EAE-8DE5E59BC2CF}.Release|Any CPU.Build.0 = Release|Any CPU
		{F79AFF10-3AAA-44A3-8EAE-8DE5E59BC2CF}.Release|x64.ActiveCfg = Release|x64
		{F79AFF10-3AAA-44A3-8EAE-8DE5E59BC2CF}.Release|x64.Build.0 = Release|x64
		{1B5B0CBD-B726-4929-9CFB-664D41294629}.Debug|Any CPU.ActiveCfg = Debug|Any CPU
		{1B5B0CBD-B726-4929-9CFB-664D41294629}.Debug|Any CPU.Build.0 = Debug|Any CPU
		{1B5B0CBD-B726-4929-9CFB-664D41294629}.Debug|x64.ActiveCfg = Debug|x64
		{1B5B0CBD-B726-4929-9CFB-664D41294629}.Debug|x64.Build.0 = Debug|x64
		{1B5B0CBD-B726-4929-9CFB-664D41294629}.Release|Any CPU.ActiveCfg = Release|Any CPU
		{1B5B0CBD-B726-4929-9CFB-664D41294629}.Release|Any CPU.Build.0 = Release|Any CPU
		{1B5B0CBD-B726-4929-9CFB-664D41294629}.Release|x64.ActiveCfg = Release|x64
		{1B5B0CBD-B726-4929-9CFB-664D41294629}.Release|x64.Build.0 = Release|x64
		{AD0B81B7-AE03-459A-B452-70ADDEAA0FA5}.Debug|Any CPU.ActiveCfg = Debug|Any CPU
		{AD0B81B7-AE03-459A-B452-70ADDEAA0FA5}.Debug|Any CPU.Build.0 = Debug|Any CPU
		{AD0B81B7-AE03-459A-B452-70ADDEAA0FA5}.Debug|x64.ActiveCfg = Debug|x64
		{AD0B81B7-AE03-459A-B452-70ADDEAA0FA5}.Debug|x64.Build.0 = Debug|x64
		{AD0B81B7-AE03-459A-B452-70ADDEAA0FA5}.Release|Any CPU.ActiveCfg = Release|Any CPU
		{AD0B81B7-AE03-459A-B452-70ADDEAA0FA5}.Release|Any CPU.Build.0 = Release|Any CPU
		{AD0B81B7-AE03-459A-B452-70ADDEAA0FA5}.Release|x64.ActiveCfg = Release|x64
		{AD0B81B7-AE03-459A-B452-70ADDEAA0FA5}.Release|x64.Build.0 = Release|x64
		{E70A2523-0740-4522-B9F7-F1B1F67FB58E}.Debug|Any CPU.ActiveCfg = Debug
		{E70A2523-0740-4522-B9F7-F1B1F67FB58E}.Debug|Any CPU.Build.0 = Debug
		{E70A2523-0740-4522-B9F7-F1B1F67FB58E}.Debug|x64.ActiveCfg = Debug
		{E70A2523-0740-4522-B9F7-F1B1F67FB58E}.Debug|x64.Build.0 = Debug
		{E70A2523-0740-4522-B9F7-F1B1F67FB58E}.Release|Any CPU.ActiveCfg = Release
		{E70A2523-0740-4522-B9F7-F1B1F67FB58E}.Release|Any CPU.Build.0 = Release
		{E70A2523-0740-4522-B9F7-F1B1F67FB58E}.Release|x64.ActiveCfg = Release
		{E70A2523-0740-4522-B9F7-F1B1F67FB58E}.Release|x64.Build.0 = Release
		{93F7C2E1-2970-4368-947F-395BF48CDD3A}.Debug|Any CPU.ActiveCfg = Debug|Any CPU
		{93F7C2E1-2970-4368-947F-395BF48CDD3A}.Debug|Any CPU.Build.0 = Debug|Any CPU
		{93F7C2E1-2970-4368-947F-395BF48CDD3A}.Debug|x64.ActiveCfg = Debug|x64
		{93F7C2E1-2970-4368-947F-395BF48CDD3A}.Debug|x64.Build.0 = Debug|x64
		{93F7C2E1-2970-4368-947F-395BF48CDD3A}.Release|Any CPU.ActiveCfg = Release|Any CPU
		{93F7C2E1-2970-4368-947F-395BF48CDD3A}.Release|Any CPU.Build.0 = Release|Any CPU
		{93F7C2E1-2970-4368-947F-395BF48CDD3A}.Release|x64.ActiveCfg = Release|x64
		{93F7C2E1-2970-4368-947F-395BF48CDD3A}.Release|x64.Build.0 = Release|x64
		{474368ED-F7FB-4223-BE3E-12F9DA9266D9}.Debug|Any CPU.ActiveCfg = Debug|Any CPU
		{474368ED-F7FB-4223-BE3E-12F9DA9266D9}.Debug|Any CPU.Build.0 = Debug|Any CPU
		{474368ED-F7FB-4223-BE3E-12F9DA9266D9}.Debug|x64.ActiveCfg = Debug|x64
		{474368ED-F7FB-4223-BE3E-12F9DA9266D9}.Debug|x64.Build.0 = Debug|x64
		{474368ED-F7FB-4223-BE3E-12F9DA9266D9}.Release|Any CPU.ActiveCfg = Release|Any CPU
		{474368ED-F7FB-4223-BE3E-12F9DA9266D9}.Release|Any CPU.Build.0 = Release|Any CPU
		{474368ED-F7FB-4223-BE3E-12F9DA9266D9}.Release|x64.ActiveCfg = Release|x64
		{474368ED-F7FB-4223-BE3E-12F9DA9266D9}.Release|x64.Build.0 = Release|x64
		{726F3EF7-B97E-4476-8FA2-2528035C14A1}.Debug|Any CPU.ActiveCfg = Debug|Any CPU
		{726F3EF7-B97E-4476-8FA2-2528035C14A1}.Debug|Any CPU.Build.0 = Debug|Any CPU
		{726F3EF7-B97E-4476-8FA2-2528035C14A1}.Debug|x64.ActiveCfg = Debug|x64
		{726F3EF7-B97E-4476-8FA2-2528035C14A1}.Debug|x64.Build.0 = Debug|x64
		{726F3EF7-B97E-4476-8FA2-2528035C14A1}.Release|Any CPU.ActiveCfg = Release|Any CPU
		{726F3EF7-B97E-4476-8FA2-2528035C14A1}.Release|Any CPU.Build.0 = Release|Any CPU
		{726F3EF7-B97E-4476-8FA2-2528035C14A1}.Release|x64.ActiveCfg = Release|x64
		{726F3EF7-B97E-4476-8FA2-2528035C14A1}.Release|x64.Build.0 = Release|x64
		{D24C1FF9-5516-464B-812F-343B8B9716E7}.Debug|Any CPU.ActiveCfg = Debug|Any CPU
		{D24C1FF9-5516-464B-812F-343B8B9716E7}.Debug|Any CPU.Build.0 = Debug|Any CPU
		{D24C1FF9-5516-464B-812F-343B8B9716E7}.Debug|x64.ActiveCfg = Debug|Any CPU
		{D24C1FF9-5516-464B-812F-343B8B9716E7}.Debug|x64.Build.0 = Debug|Any CPU
		{D24C1FF9-5516-464B-812F-343B8B9716E7}.Release|Any CPU.ActiveCfg = Release|Any CPU
		{D24C1FF9-5516-464B-812F-343B8B9716E7}.Release|Any CPU.Build.0 = Release|Any CPU
		{D24C1FF9-5516-464B-812F-343B8B9716E7}.Release|x64.ActiveCfg = Release|Any CPU
		{D24C1FF9-5516-464B-812F-343B8B9716E7}.Release|x64.Build.0 = Release|Any CPU
		{C5E0C7C1-9CD2-4C03-B266-021DAE7CFD9C}.Debug|Any CPU.ActiveCfg = Debug|Any CPU
		{C5E0C7C1-9CD2-4C03-B266-021DAE7CFD9C}.Debug|Any CPU.Build.0 = Debug|Any CPU
		{C5E0C7C1-9CD2-4C03-B266-021DAE7CFD9C}.Debug|x64.ActiveCfg = Debug|Any CPU
		{C5E0C7C1-9CD2-4C03-B266-021DAE7CFD9C}.Debug|x64.Build.0 = Debug|Any CPU
		{C5E0C7C1-9CD2-4C03-B266-021DAE7CFD9C}.Release|Any CPU.ActiveCfg = Release|Any CPU
		{C5E0C7C1-9CD2-4C03-B266-021DAE7CFD9C}.Release|Any CPU.Build.0 = Release|Any CPU
		{C5E0C7C1-9CD2-4C03-B266-021DAE7CFD9C}.Release|x64.ActiveCfg = Release|Any CPU
		{C5E0C7C1-9CD2-4C03-B266-021DAE7CFD9C}.Release|x64.Build.0 = Release|Any CPU
		{B52A38BB-9E2C-4489-81C3-E0F1EEF29597}.Debug|Any CPU.ActiveCfg = Debug|Any CPU
		{B52A38BB-9E2C-4489-81C3-E0F1EEF29597}.Debug|Any CPU.Build.0 = Debug|Any CPU
		{B52A38BB-9E2C-4489-81C3-E0F1EEF29597}.Debug|x64.ActiveCfg = Debug|Any CPU
		{B52A38BB-9E2C-4489-81C3-E0F1EEF29597}.Debug|x64.Build.0 = Debug|Any CPU
		{B52A38BB-9E2C-4489-81C3-E0F1EEF29597}.Release|Any CPU.ActiveCfg = Release|Any CPU
		{B52A38BB-9E2C-4489-81C3-E0F1EEF29597}.Release|Any CPU.Build.0 = Release|Any CPU
		{B52A38BB-9E2C-4489-81C3-E0F1EEF29597}.Release|x64.ActiveCfg = Release|Any CPU
		{B52A38BB-9E2C-4489-81C3-E0F1EEF29597}.Release|x64.Build.0 = Release|Any CPU
		{8BA75391-2DAC-6E57-47F4-2EAD7A2E5BA5}.Debug|Any CPU.ActiveCfg = Debug|Any CPU
		{8BA75391-2DAC-6E57-47F4-2EAD7A2E5BA5}.Debug|Any CPU.Build.0 = Debug|Any CPU
		{8BA75391-2DAC-6E57-47F4-2EAD7A2E5BA5}.Debug|x64.ActiveCfg = Debug|x64
		{8BA75391-2DAC-6E57-47F4-2EAD7A2E5BA5}.Debug|x64.Build.0 = Debug|x64
		{8BA75391-2DAC-6E57-47F4-2EAD7A2E5BA5}.Release|Any CPU.ActiveCfg = Release|Any CPU
		{8BA75391-2DAC-6E57-47F4-2EAD7A2E5BA5}.Release|Any CPU.Build.0 = Release|Any CPU
		{8BA75391-2DAC-6E57-47F4-2EAD7A2E5BA5}.Release|x64.ActiveCfg = Release|x64
		{8BA75391-2DAC-6E57-47F4-2EAD7A2E5BA5}.Release|x64.Build.0 = Release|x64
		{D9E44C3F-6F60-4530-A72E-CB28A459D9DC}.Debug|Any CPU.ActiveCfg = Debug|Any CPU
		{D9E44C3F-6F60-4530-A72E-CB28A459D9DC}.Debug|Any CPU.Build.0 = Debug|Any CPU
		{D9E44C3F-6F60-4530-A72E-CB28A459D9DC}.Debug|x64.ActiveCfg = Debug|Any CPU
		{D9E44C3F-6F60-4530-A72E-CB28A459D9DC}.Debug|x64.Build.0 = Debug|Any CPU
		{D9E44C3F-6F60-4530-A72E-CB28A459D9DC}.Release|Any CPU.ActiveCfg = Release|Any CPU
		{D9E44C3F-6F60-4530-A72E-CB28A459D9DC}.Release|Any CPU.Build.0 = Release|Any CPU
		{D9E44C3F-6F60-4530-A72E-CB28A459D9DC}.Release|x64.ActiveCfg = Release|Any CPU
		{D9E44C3F-6F60-4530-A72E-CB28A459D9DC}.Release|x64.Build.0 = Release|Any CPU
	EndGlobalSection
	GlobalSection(SolutionProperties) = preSolution
		HideSolutionNode = FALSE
	EndGlobalSection
	GlobalSection(ExtensibilityGlobals) = postSolution
		SolutionGuid = {A46B159A-D606-4AAF-8811-2D8E08CA4C6D}
	EndGlobalSection
EndGlobal
