
Microsoft Visual Studio Solution File, Format Version 12.00
# Visual Studio Version 17
VisualStudioVersion = 17.8.34525.116
MinimumVisualStudioVersion = 10.0.40219.1
Project("{FAE04EC0-301F-11D3-BF4B-00C04F79EFBC}") = "SimAddonPlugin", "plugins\SimAddonPlugin\SimAddonPlugin.csproj", "{88F567B8-6263-4748-8766-86C82CFA821B}"
EndProject
Project("{FAE04EC0-301F-11D3-BF4B-00C04F79EFBC}") = "SimDataManager", "SimDataManager\SimDataManager.csproj", "{D262AFEC-FD87-4B9B-BA4C-E8A70D85E001}"
	ProjectSection(ProjectDependencies) = postProject
		{AD0B81B7-AE03-459A-B452-70ADDEAA0FA5} = {AD0B81B7-AE03-459A-B452-70ADDEAA0FA5}
	EndProjectSection
EndProject
Project("{FAE04EC0-301F-11D3-BF4B-00C04F79EFBC}") = "FlightRecPlugin", "plugins\FlightRecPlugin\FlightRecPlugin.csproj", "{F79AFF10-3AAA-44A3-8EAE-8DE5E59BC2CF}"
EndProject
Project("{FAE04EC0-301F-11D3-BF4B-00C04F79EFBC}") = "SimAddon", "SimAddon\SimAddon.csproj", "{1B5B0CBD-B726-4929-9CFB-664D41294629}"
EndProject
Project("{FAE04EC0-301F-11D3-BF4B-00C04F79EFBC}") = "SimAddonLogger", "Logger\SimAddonLogger.csproj", "{AD0B81B7-AE03-459A-B452-70ADDEAA0FA5}"
EndProject
Global
	GlobalSection(SolutionConfigurationPlatforms) = preSolution
		Debug|Any CPU = Debug|Any CPU
		Release|Any CPU = Release|Any CPU
	EndGlobalSection
	GlobalSection(ProjectConfigurationPlatforms) = postSolution
		{88F567B8-6263-4748-8766-86C82CFA821B}.Debug|Any CPU.ActiveCfg = Debug|Any CPU
		{88F567B8-6263-4748-8766-86C82CFA821B}.Debug|Any CPU.Build.0 = Debug|Any CPU
		{88F567B8-6263-4748-8766-86C82CFA821B}.Release|Any CPU.ActiveCfg = Release|Any CPU
		{88F567B8-6263-4748-8766-86C82CFA821B}.Release|Any CPU.Build.0 = Release|Any CPU
		{D262AFEC-FD87-4B9B-BA4C-E8A70D85E001}.Debug|Any CPU.ActiveCfg = Debug|Any CPU
		{D262AFEC-FD87-4B9B-BA4C-E8A70D85E001}.Debug|Any CPU.Build.0 = Debug|Any CPU
		{D262AFEC-FD87-4B9B-BA4C-E8A70D85E001}.Release|Any CPU.ActiveCfg = Release|Any CPU
		{D262AFEC-FD87-4B9B-BA4C-E8A70D85E001}.Release|Any CPU.Build.0 = Release|Any CPU
		{F79AFF10-3AAA-44A3-8EAE-8DE5E59BC2CF}.Debug|Any CPU.ActiveCfg = Debug|Any CPU
		{F79AFF10-3AAA-44A3-8EAE-8DE5E59BC2CF}.Debug|Any CPU.Build.0 = Debug|Any CPU
		{F79AFF10-3AAA-44A3-8EAE-8DE5E59BC2CF}.Release|Any CPU.ActiveCfg = Release|Any CPU
		{F79AFF10-3AAA-44A3-8EAE-8DE5E59BC2CF}.Release|Any CPU.Build.0 = Release|Any CPU
		{1B5B0CBD-B726-4929-9CFB-664D41294629}.Debug|Any CPU.ActiveCfg = Debug|Any CPU
		{1B5B0CBD-B726-4929-9CFB-664D41294629}.Debug|Any CPU.Build.0 = Debug|Any CPU
		{1B5B0CBD-B726-4929-9CFB-664D41294629}.Release|Any CPU.ActiveCfg = Release|Any CPU
		{1B5B0CBD-B726-4929-9CFB-664D41294629}.Release|Any CPU.Build.0 = Release|Any CPU
		{AD0B81B7-AE03-459A-B452-70ADDEAA0FA5}.Debug|Any CPU.ActiveCfg = Debug|Any CPU
		{AD0B81B7-AE03-459A-B452-70ADDEAA0FA5}.Debug|Any CPU.Build.0 = Debug|Any CPU
		{AD0B81B7-AE03-459A-B452-70ADDEAA0FA5}.Release|Any CPU.ActiveCfg = Release|Any CPU
		{AD0B81B7-AE03-459A-B452-70ADDEAA0FA5}.Release|Any CPU.Build.0 = Release|Any CPU
	EndGlobalSection
	GlobalSection(SolutionProperties) = preSolution
		HideSolutionNode = FALSE
	EndGlobalSection
	GlobalSection(ExtensibilityGlobals) = postSolution
		SolutionGuid = {A46B159A-D606-4AAF-8811-2D8E08CA4C6D}
	EndGlobalSection
EndGlobal
